
Microsoft Visual Studio Solution File, Format Version 12.00
# Visual Studio Version 17
VisualStudioVersion = 17.2.32505.173
MinimumVisualStudioVersion = 10.0.40219.1
Project("{2150E333-8FDC-42A3-9474-1A3956D46DE8}") = "Enterprice Business Rules", "Enterprice Business Rules", "{0630A706-6E7E-4032-92E6-C2749A3126F9}"
EndProject
Project("{9A19103F-16F7-4668-BE54-9A1E7A4F7556}") = "LatinoNet.Entities", "LatinoNet.Entities\LatinoNet.Entities.csproj", "{4BACCA54-D7C3-47D2-8B91-99F2C5AEAA3A}"
EndProject
Project("{2150E333-8FDC-42A3-9474-1A3956D46DE8}") = "Interface Adapters", "Interface Adapters", "{CB369481-1723-41CC-A240-0C567405140E}"
EndProject
Project("{2150E333-8FDC-42A3-9474-1A3956D46DE8}") = "Gateways", "Gateways", "{19C47472-287B-4FE7-81C2-6F3DD0A7B333}"
EndProject
Project("{9A19103F-16F7-4668-BE54-9A1E7A4F7556}") = "LatinoNet.RepositoryEFCore", "LatinoNet.RepositoryEFCore\LatinoNet.RepositoryEFCore.csproj", "{DA3C8AA7-FDDF-4E9F-A283-0F0902B82D77}"
EndProject
Project("{2150E333-8FDC-42A3-9474-1A3956D46DE8}") = "Application Business Tools", "Application Business Tools", "{B731B2D3-D310-46CE-8533-1D38362CA278}"
EndProject
Project("{9A19103F-16F7-4668-BE54-9A1E7A4F7556}") = "LatinoNet.DTOs", "LatinoNet.DTOs\LatinoNet.DTOs.csproj", "{8DBD2272-C579-4DB0-8708-1083B45F2D77}"
EndProject
Project("{9A19103F-16F7-4668-BE54-9A1E7A4F7556}") = "LatinoNet.UserCasesPorts", "LatinoNet.UserCasesPorts\LatinoNet.UserCasesPorts.csproj", "{3F3AA2D1-5B06-47EF-957F-364CD7BFDEAB}"
EndProject
Project("{9A19103F-16F7-4668-BE54-9A1E7A4F7556}") = "LatinoNet.UseCases", "LatinoNet.UseCases\LatinoNet.UseCases.csproj", "{48A03467-253D-4AEF-9F5C-B2EE1A8E7514}"
EndProject
Project("{2150E333-8FDC-42A3-9474-1A3956D46DE8}") = "Presenters", "Presenters", "{9E139FB2-144A-47E0-B2F0-EC284BFA94E2}"
EndProject
Project("{9A19103F-16F7-4668-BE54-9A1E7A4F7556}") = "LatinoNet.Presenters", "LatinoNet.Presenters\LatinoNet.Presenters.csproj", "{95AD4CE0-E2F8-4BB1-B9B9-C2AE983513AA}"
EndProject
Project("{2150E333-8FDC-42A3-9474-1A3956D46DE8}") = "Controllers", "Controllers", "{101F2F9A-6332-433F-A9ED-4D50CC257936}"
EndProject
Project("{9A19103F-16F7-4668-BE54-9A1E7A4F7556}") = "LatinoNet.Controllers", "LatinoNet.Controllers\LatinoNet.Controllers.csproj", "{38606D89-76E7-4179-8103-B1FC2ADE0367}"
EndProject
Project("{9A19103F-16F7-4668-BE54-9A1E7A4F7556}") = "LatinoNet.IoC", "LatinoNet.IoC\LatinoNet.IoC.csproj", "{0D3D34FA-3E73-4324-8B09-B002B0A19B0C}"
EndProject
Project("{2150E333-8FDC-42A3-9474-1A3956D46DE8}") = "Frameworks And Drivers", "Frameworks And Drivers", "{B2851A65-E6FF-4F14-86D7-2EFB1CDD2540}"
EndProject
Project("{2150E333-8FDC-42A3-9474-1A3956D46DE8}") = "UIS", "UIS", "{E596C71B-B617-4A64-ADE2-72DBAF9651B7}"
EndProject
Project("{FAE04EC0-301F-11D3-BF4B-00C04F79EFBC}") = "LatinoNet.Api", "LatinoNet.Api\LatinoNet.Api.csproj", "{B212F186-06D5-4D0A-819C-2D2A126EF8F2}"
EndProject
Global
	GlobalSection(SolutionConfigurationPlatforms) = preSolution
		Debug|Any CPU = Debug|Any CPU
		Release|Any CPU = Release|Any CPU
	EndGlobalSection
	GlobalSection(ProjectConfigurationPlatforms) = postSolution
		{4BACCA54-D7C3-47D2-8B91-99F2C5AEAA3A}.Debug|Any CPU.ActiveCfg = Debug|Any CPU
		{4BACCA54-D7C3-47D2-8B91-99F2C5AEAA3A}.Debug|Any CPU.Build.0 = Debug|Any CPU
		{4BACCA54-D7C3-47D2-8B91-99F2C5AEAA3A}.Release|Any CPU.ActiveCfg = Release|Any CPU
		{4BACCA54-D7C3-47D2-8B91-99F2C5AEAA3A}.Release|Any CPU.Build.0 = Release|Any CPU
		{DA3C8AA7-FDDF-4E9F-A283-0F0902B82D77}.Debug|Any CPU.ActiveCfg = Debug|Any CPU
		{DA3C8AA7-FDDF-4E9F-A283-0F0902B82D77}.Debug|Any CPU.Build.0 = Debug|Any CPU
		{DA3C8AA7-FDDF-4E9F-A283-0F0902B82D77}.Release|Any CPU.ActiveCfg = Release|Any CPU
		{DA3C8AA7-FDDF-4E9F-A283-0F0902B82D77}.Release|Any CPU.Build.0 = Release|Any CPU
		{8DBD2272-C579-4DB0-8708-1083B45F2D77}.Debug|Any CPU.ActiveCfg = Debug|Any CPU
		{8DBD2272-C579-4DB0-8708-1083B45F2D77}.Debug|Any CPU.Build.0 = Debug|Any CPU
		{8DBD2272-C579-4DB0-8708-1083B45F2D77}.Release|Any CPU.ActiveCfg = Release|Any CPU
		{8DBD2272-C579-4DB0-8708-1083B45F2D77}.Release|Any CPU.Build.0 = Release|Any CPU
		{3F3AA2D1-5B06-47EF-957F-364CD7BFDEAB}.Debug|Any CPU.ActiveCfg = Debug|Any CPU
		{3F3AA2D1-5B06-47EF-957F-364CD7BFDEAB}.Debug|Any CPU.Build.0 = Debug|Any CPU
		{3F3AA2D1-5B06-47EF-957F-364CD7BFDEAB}.Release|Any CPU.ActiveCfg = Release|Any CPU
		{3F3AA2D1-5B06-47EF-957F-364CD7BFDEAB}.Release|Any CPU.Build.0 = Release|Any CPU
		{48A03467-253D-4AEF-9F5C-B2EE1A8E7514}.Debug|Any CPU.ActiveCfg = Debug|Any CPU
		{48A03467-253D-4AEF-9F5C-B2EE1A8E7514}.Debug|Any CPU.Build.0 = Debug|Any CPU
		{48A03467-253D-4AEF-9F5C-B2EE1A8E7514}.Release|Any CPU.ActiveCfg = Release|Any CPU
		{48A03467-253D-4AEF-9F5C-B2EE1A8E7514}.Release|Any CPU.Build.0 = Release|Any CPU
		{95AD4CE0-E2F8-4BB1-B9B9-C2AE983513AA}.Debug|Any CPU.ActiveCfg = Debug|Any CPU
		{95AD4CE0-E2F8-4BB1-B9B9-C2AE983513AA}.Debug|Any CPU.Build.0 = Debug|Any CPU
		{95AD4CE0-E2F8-4BB1-B9B9-C2AE983513AA}.Release|Any CPU.ActiveCfg = Release|Any CPU
		{95AD4CE0-E2F8-4BB1-B9B9-C2AE983513AA}.Release|Any CPU.Build.0 = Release|Any CPU
		{38606D89-76E7-4179-8103-B1FC2ADE0367}.Debug|Any CPU.ActiveCfg = Debug|Any CPU
		{38606D89-76E7-4179-8103-B1FC2ADE0367}.Debug|Any CPU.Build.0 = Debug|Any CPU
		{38606D89-76E7-4179-8103-B1FC2ADE0367}.Release|Any CPU.ActiveCfg = Release|Any CPU
		{38606D89-76E7-4179-8103-B1FC2ADE0367}.Release|Any CPU.Build.0 = Release|Any CPU
		{0D3D34FA-3E73-4324-8B09-B002B0A19B0C}.Debug|Any CPU.ActiveCfg = Debug|Any CPU
		{0D3D34FA-3E73-4324-8B09-B002B0A19B0C}.Debug|Any CPU.Build.0 = Debug|Any CPU
		{0D3D34FA-3E73-4324-8B09-B002B0A19B0C}.Release|Any CPU.ActiveCfg = Release|Any CPU
		{0D3D34FA-3E73-4324-8B09-B002B0A19B0C}.Release|Any CPU.Build.0 = Release|Any CPU
		{B212F186-06D5-4D0A-819C-2D2A126EF8F2}.Debug|Any CPU.ActiveCfg = Debug|Any CPU
		{B212F186-06D5-4D0A-819C-2D2A126EF8F2}.Debug|Any CPU.Build.0 = Debug|Any CPU
		{B212F186-06D5-4D0A-819C-2D2A126EF8F2}.Release|Any CPU.ActiveCfg = Release|Any CPU
		{B212F186-06D5-4D0A-819C-2D2A126EF8F2}.Release|Any CPU.Build.0 = Release|Any CPU
	EndGlobalSection
	GlobalSection(SolutionProperties) = preSolution
		HideSolutionNode = FALSE
	EndGlobalSection
	GlobalSection(NestedProjects) = preSolution
		{4BACCA54-D7C3-47D2-8B91-99F2C5AEAA3A} = {0630A706-6E7E-4032-92E6-C2749A3126F9}
		{19C47472-287B-4FE7-81C2-6F3DD0A7B333} = {CB369481-1723-41CC-A240-0C567405140E}
		{DA3C8AA7-FDDF-4E9F-A283-0F0902B82D77} = {19C47472-287B-4FE7-81C2-6F3DD0A7B333}
		{8DBD2272-C579-4DB0-8708-1083B45F2D77} = {B731B2D3-D310-46CE-8533-1D38362CA278}
		{3F3AA2D1-5B06-47EF-957F-364CD7BFDEAB} = {B731B2D3-D310-46CE-8533-1D38362CA278}
		{48A03467-253D-4AEF-9F5C-B2EE1A8E7514} = {B731B2D3-D310-46CE-8533-1D38362CA278}
		{9E139FB2-144A-47E0-B2F0-EC284BFA94E2} = {CB369481-1723-41CC-A240-0C567405140E}
		{95AD4CE0-E2F8-4BB1-B9B9-C2AE983513AA} = {9E139FB2-144A-47E0-B2F0-EC284BFA94E2}
		{101F2F9A-6332-433F-A9ED-4D50CC257936} = {CB369481-1723-41CC-A240-0C567405140E}
		{38606D89-76E7-4179-8103-B1FC2ADE0367} = {101F2F9A-6332-433F-A9ED-4D50CC257936}
		{0D3D34FA-3E73-4324-8B09-B002B0A19B0C} = {19C47472-287B-4FE7-81C2-6F3DD0A7B333}
		{E596C71B-B617-4A64-ADE2-72DBAF9651B7} = {B2851A65-E6FF-4F14-86D7-2EFB1CDD2540}
		{B212F186-06D5-4D0A-819C-2D2A126EF8F2} = {E596C71B-B617-4A64-ADE2-72DBAF9651B7}
	EndGlobalSection
	GlobalSection(ExtensibilityGlobals) = postSolution
		SolutionGuid = {F2949321-2E40-43F4-9F34-995BBBC60976}
	EndGlobalSection
EndGlobal
